
Microsoft Visual Studio Solution File, Format Version 12.00
# Visual Studio Version 17
VisualStudioVersion = 17.7.34202.233
MinimumVisualStudioVersion = 10.0.40219.1
Project("{FAE04EC0-301F-11D3-BF4B-00C04F79EFBC}") = "BlazorTasks.Front", "BlazorTasks.Front\BlazorTasks.Front.csproj", "{AD14B7C8-F59A-4E71-B6A0-FF6BEBB8B879}"
EndProject
Project("{FAE04EC0-301F-11D3-BF4B-00C04F79EFBC}") = "BlazorTasks.API", "..\BlazorTasks.API\BlazorTasks.API.csproj", "{89448AEB-79FD-4E23-BFBA-096ED2D52E49}"
EndProject
Project("{FAE04EC0-301F-11D3-BF4B-00C04F79EFBC}") = "BlazorTasks.Core", "..\BlazorTasks.Core\BlazorTasks.Core.csproj", "{CCF7A5E7-C7A2-4FAD-92BC-D33BD18C2EC0}"
EndProject
Global
	GlobalSection(SolutionConfigurationPlatforms) = preSolution
		Debug|Any CPU = Debug|Any CPU
		Release|Any CPU = Release|Any CPU
	EndGlobalSection
	GlobalSection(ProjectConfigurationPlatforms) = postSolution
		{AD14B7C8-F59A-4E71-B6A0-FF6BEBB8B879}.Debug|Any CPU.ActiveCfg = Debug|Any CPU
		{AD14B7C8-F59A-4E71-B6A0-FF6BEBB8B879}.Debug|Any CPU.Build.0 = Debug|Any CPU
		{AD14B7C8-F59A-4E71-B6A0-FF6BEBB8B879}.Release|Any CPU.ActiveCfg = Release|Any CPU
		{AD14B7C8-F59A-4E71-B6A0-FF6BEBB8B879}.Release|Any CPU.Build.0 = Release|Any CPU
		{89448AEB-79FD-4E23-BFBA-096ED2D52E49}.Debug|Any CPU.ActiveCfg = Debug|Any CPU
		{89448AEB-79FD-4E23-BFBA-096ED2D52E49}.Debug|Any CPU.Build.0 = Debug|Any CPU
		{89448AEB-79FD-4E23-BFBA-096ED2D52E49}.Release|Any CPU.ActiveCfg = Release|Any CPU
		{89448AEB-79FD-4E23-BFBA-096ED2D52E49}.Release|Any CPU.Build.0 = Release|Any CPU
		{CCF7A5E7-C7A2-4FAD-92BC-D33BD18C2EC0}.Debug|Any CPU.ActiveCfg = Debug|Any CPU
		{CCF7A5E7-C7A2-4FAD-92BC-D33BD18C2EC0}.Debug|Any CPU.Build.0 = Debug|Any CPU
		{CCF7A5E7-C7A2-4FAD-92BC-D33BD18C2EC0}.Release|Any CPU.ActiveCfg = Release|Any CPU
		{CCF7A5E7-C7A2-4FAD-92BC-D33BD18C2EC0}.Release|Any CPU.Build.0 = Release|Any CPU
	EndGlobalSection
	GlobalSection(SolutionProperties) = preSolution
		HideSolutionNode = FALSE
	EndGlobalSection
	GlobalSection(ExtensibilityGlobals) = postSolution
		SolutionGuid = {D2CF44A2-1DA2-4F93-A0BA-6189F7CAE790}
	EndGlobalSection
EndGlobal
